// !$*UTF8*$!
{
	archiveVersion = 1;
	classes = {
	};
	objectVersion = 50;
	objects = {

/* Begin PBXBuildFile section */
		B063ED9A227095D2004D57B7 /* AppDelegate.m in Sources */ = {isa = PBXBuildFile; fileRef = B063ED99227095D2004D57B7 /* AppDelegate.m */; };
		B063ED9D227095D2004D57B7 /* ViewController.m in Sources */ = {isa = PBXBuildFile; fileRef = B063ED9C227095D2004D57B7 /* ViewController.m */; };
		B063EDA0227095D2004D57B7 /* Main.storyboard in Resources */ = {isa = PBXBuildFile; fileRef = B063ED9E227095D2004D57B7 /* Main.storyboard */; };
		B063EDA2227095D3004D57B7 /* Assets.xcassets in Resources */ = {isa = PBXBuildFile; fileRef = B063EDA1227095D3004D57B7 /* Assets.xcassets */; };
		B063EDA5227095D3004D57B7 /* LaunchScreen.storyboard in Resources */ = {isa = PBXBuildFile; fileRef = B063EDA3227095D3004D57B7 /* LaunchScreen.storyboard */; };
		B063EDA8227095D3004D57B7 /* main.m in Sources */ = {isa = PBXBuildFile; fileRef = B063EDA7227095D3004D57B7 /* main.m */; };
		B063EDB4227095F5004D57B7 /* UICursorWindow.m in Sources */ = {isa = PBXBuildFile; fileRef = B063EDAE227095F5004D57B7 /* UICursorWindow.m */; };
		B063EDB5227095F5004D57B7 /* UITrackpadView.m in Sources */ = {isa = PBXBuildFile; fileRef = B063EDB0227095F5004D57B7 /* UITrackpadView.m */; };
		B063EDB6227095F5004D57B7 /* UIMouseCursor.m in Sources */ = {isa = PBXBuildFile; fileRef = B063EDB2227095F5004D57B7 /* UIMouseCursor.m */; };
/* End PBXBuildFile section */

/* Begin PBXFileReference section */
		B063ED95227095D2004D57B7 /* UITrackpadControl.app */ = {isa = PBXFileReference; explicitFileType = wrapper.application; includeInIndex = 0; path = UITrackpadControl.app; sourceTree = BUILT_PRODUCTS_DIR; };
		B063ED98227095D2004D57B7 /* AppDelegate.h */ = {isa = PBXFileReference; lastKnownFileType = sourcecode.c.h; path = AppDelegate.h; sourceTree = "<group>"; };
		B063ED99227095D2004D57B7 /* AppDelegate.m */ = {isa = PBXFileReference; lastKnownFileType = sourcecode.c.objc; path = AppDelegate.m; sourceTree = "<group>"; };
		B063ED9B227095D2004D57B7 /* ViewController.h */ = {isa = PBXFileReference; lastKnownFileType = sourcecode.c.h; path = ViewController.h; sourceTree = "<group>"; };
		B063ED9C227095D2004D57B7 /* ViewController.m */ = {isa = PBXFileReference; lastKnownFileType = sourcecode.c.objc; path = ViewController.m; sourceTree = "<group>"; };
		B063ED9F227095D2004D57B7 /* Base */ = {isa = PBXFileReference; lastKnownFileType = file.storyboard; name = Base; path = Base.lproj/Main.storyboard; sourceTree = "<group>"; };
		B063EDA1227095D3004D57B7 /* Assets.xcassets */ = {isa = PBXFileReference; lastKnownFileType = folder.assetcatalog; path = Assets.xcassets; sourceTree = "<group>"; };
		B063EDA4227095D3004D57B7 /* Base */ = {isa = PBXFileReference; lastKnownFileType = file.storyboard; name = Base; path = Base.lproj/LaunchScreen.storyboard; sourceTree = "<group>"; };
		B063EDA6227095D3004D57B7 /* Info.plist */ = {isa = PBXFileReference; lastKnownFileType = text.plist.xml; path = Info.plist; sourceTree = "<group>"; };
		B063EDA7227095D3004D57B7 /* main.m */ = {isa = PBXFileReference; lastKnownFileType = sourcecode.c.objc; path = main.m; sourceTree = "<group>"; };
		B063EDAE227095F5004D57B7 /* UICursorWindow.m */ = {isa = PBXFileReference; fileEncoding = 4; lastKnownFileType = sourcecode.c.objc; path = UICursorWindow.m; sourceTree = "<group>"; };
		B063EDAF227095F5004D57B7 /* UICursorWindow.h */ = {isa = PBXFileReference; fileEncoding = 4; lastKnownFileType = sourcecode.c.h; path = UICursorWindow.h; sourceTree = "<group>"; };
		B063EDB0227095F5004D57B7 /* UITrackpadView.m */ = {isa = PBXFileReference; fileEncoding = 4; lastKnownFileType = sourcecode.c.objc; path = UITrackpadView.m; sourceTree = "<group>"; };
		B063EDB1227095F5004D57B7 /* UIMouseCursor.h */ = {isa = PBXFileReference; fileEncoding = 4; lastKnownFileType = sourcecode.c.h; path = UIMouseCursor.h; sourceTree = "<group>"; };
		B063EDB2227095F5004D57B7 /* UIMouseCursor.m */ = {isa = PBXFileReference; fileEncoding = 4; lastKnownFileType = sourcecode.c.objc; path = UIMouseCursor.m; sourceTree = "<group>"; };
		B063EDB3227095F5004D57B7 /* UITrackpadView.h */ = {isa = PBXFileReference; fileEncoding = 4; lastKnownFileType = sourcecode.c.h; path = UITrackpadView.h; sourceTree = "<group>"; };
		B063EDB8227099D8004D57B7 /* README.md */ = {isa = PBXFileReference; lastKnownFileType = net.daringfireball.markdown; path = README.md; sourceTree = "<group>"; };
/* End PBXFileReference section */

/* Begin PBXFrameworksBuildPhase section */
		B063ED92227095D2004D57B7 /* Frameworks */ = {
			isa = PBXFrameworksBuildPhase;
			buildActionMask = 2147483647;
			files = (
			);
			runOnlyForDeploymentPostprocessing = 0;
		};
/* End PBXFrameworksBuildPhase section */

/* Begin PBXGroup section */
		B063ED8C227095D2004D57B7 = {
			isa = PBXGroup;
			children = (
				B063EDB8227099D8004D57B7 /* README.md */,
				B063ED97227095D2004D57B7 /* UITrackpadControl */,
				B063ED96227095D2004D57B7 /* Products */,
			);
			sourceTree = "<group>";
		};
		B063ED96227095D2004D57B7 /* Products */ = {
			isa = PBXGroup;
			children = (
				B063ED95227095D2004D57B7 /* UITrackpadControl.app */,
			);
			name = Products;
			sourceTree = "<group>";
		};
		B063ED97227095D2004D57B7 /* UITrackpadControl */ = {
			isa = PBXGroup;
			children = (
				B063ED98227095D2004D57B7 /* AppDelegate.h */,
				B063ED99227095D2004D57B7 /* AppDelegate.m */,
				B063ED9B227095D2004D57B7 /* ViewController.h */,
				B063ED9C227095D2004D57B7 /* ViewController.m */,
				B063EDB7227095FD004D57B7 /* UITrackpad */,
				B063ED9E227095D2004D57B7 /* Main.storyboard */,
				B063EDA1227095D3004D57B7 /* Assets.xcassets */,
				B063EDA3227095D3004D57B7 /* LaunchScreen.storyboard */,
				B063EDA6227095D3004D57B7 /* Info.plist */,
				B063EDA7227095D3004D57B7 /* main.m */,
			);
			path = UITrackpadControl;
			sourceTree = "<group>";
		};
		B063EDB7227095FD004D57B7 /* UITrackpad */ = {
			isa = PBXGroup;
			children = (
				B063EDAF227095F5004D57B7 /* UICursorWindow.h */,
				B063EDAE227095F5004D57B7 /* UICursorWindow.m */,
				B063EDB1227095F5004D57B7 /* UIMouseCursor.h */,
				B063EDB2227095F5004D57B7 /* UIMouseCursor.m */,
				B063EDB3227095F5004D57B7 /* UITrackpadView.h */,
				B063EDB0227095F5004D57B7 /* UITrackpadView.m */,
			);
			path = UITrackpad;
			sourceTree = "<group>";
		};
/* End PBXGroup section */

/* Begin PBXNativeTarget section */
		B063ED94227095D2004D57B7 /* UITrackpadControl */ = {
			isa = PBXNativeTarget;
			buildConfigurationList = B063EDAB227095D3004D57B7 /* Build configuration list for PBXNativeTarget "UITrackpadControl" */;
			buildPhases = (
				B063ED91227095D2004D57B7 /* Sources */,
				B063ED92227095D2004D57B7 /* Frameworks */,
				B063ED93227095D2004D57B7 /* Resources */,
			);
			buildRules = (
			);
			dependencies = (
			);
			name = UITrackpadControl;
			productName = UITrackpadControl;
			productReference = B063ED95227095D2004D57B7 /* UITrackpadControl.app */;
			productType = "com.apple.product-type.application";
		};
/* End PBXNativeTarget section */

/* Begin PBXProject section */
		B063ED8D227095D2004D57B7 /* Project object */ = {
			isa = PBXProject;
			attributes = {
				LastUpgradeCheck = 1020;
				ORGANIZATIONNAME = "Steven Troughton-Smith";
				TargetAttributes = {
					B063ED94227095D2004D57B7 = {
						CreatedOnToolsVersion = 10.2;
					};
				};
			};
			buildConfigurationList = B063ED90227095D2004D57B7 /* Build configuration list for PBXProject "UITrackpadControl" */;
			compatibilityVersion = "Xcode 9.3";
			developmentRegion = en;
			hasScannedForEncodings = 0;
			knownRegions = (
				en,
				Base,
			);
			mainGroup = B063ED8C227095D2004D57B7;
			productRefGroup = B063ED96227095D2004D57B7 /* Products */;
			projectDirPath = "";
			projectRoot = "";
			targets = (
				B063ED94227095D2004D57B7 /* UITrackpadControl */,
			);
		};
/* End PBXProject section */

/* Begin PBXResourcesBuildPhase section */
		B063ED93227095D2004D57B7 /* Resources */ = {
			isa = PBXResourcesBuildPhase;
			buildActionMask = 2147483647;
			files = (
				B063EDA5227095D3004D57B7 /* LaunchScreen.storyboard in Resources */,
				B063EDA2227095D3004D57B7 /* Assets.xcassets in Resources */,
				B063EDA0227095D2004D57B7 /* Main.storyboard in Resources */,
			);
			runOnlyForDeploymentPostprocessing = 0;
		};
/* End PBXResourcesBuildPhase section */

/* Begin PBXSourcesBuildPhase section */
		B063ED91227095D2004D57B7 /* Sources */ = {
			isa = PBXSourcesBuildPhase;
			buildActionMask = 2147483647;
			files = (
				B063ED9D227095D2004D57B7 /* ViewController.m in Sources */,
				B063EDB6227095F5004D57B7 /* UIMouseCursor.m in Sources */,
				B063EDB5227095F5004D57B7 /* UITrackpadView.m in Sources */,
				B063EDA8227095D3004D57B7 /* main.m in Sources */,
				B063ED9A227095D2004D57B7 /* AppDelegate.m in Sources */,
				B063EDB4227095F5004D57B7 /* UICursorWindow.m in Sources */,
			);
			runOnlyForDeploymentPostprocessing = 0;
		};
/* End PBXSourcesBuildPhase section */

/* Begin PBXVariantGroup section */
		B063ED9E227095D2004D57B7 /* Main.storyboard */ = {
			isa = PBXVariantGroup;
			children = (
				B063ED9F227095D2004D57B7 /* Base */,
			);
			name = Main.storyboard;
			sourceTree = "<group>";
		};
		B063EDA3227095D3004D57B7 /* LaunchScreen.storyboard */ = {
			isa = PBXVariantGroup;
			children = (
				B063EDA4227095D3004D57B7 /* Base */,
			);
			name = LaunchScreen.storyboard;
			sourceTree = "<group>";
		};
/* End PBXVariantGroup section */

/* Begin XCBuildConfiguration section */
		B063EDA9227095D3004D57B7 /* Debug */ = {
			isa = XCBuildConfiguration;
			buildSettings = {
				ALWAYS_SEARCH_USER_PATHS = NO;
				CLANG_ANALYZER_NONNULL = YES;
				CLANG_ANALYZER_NUMBER_OBJECT_CONVERSION = YES_AGGRESSIVE;
				CLANG_CXX_LANGUAGE_STANDARD = "gnu++14";
				CLANG_CXX_LIBRARY = "libc++";
				CLANG_ENABLE_MODULES = YES;
				CLANG_ENABLE_OBJC_ARC = YES;
				CLANG_ENABLE_OBJC_WEAK = YES;
				CLANG_WARN_BLOCK_CAPTURE_AUTORELEASING = YES;
				CLANG_WARN_BOOL_CONVERSION = YES;
				CLANG_WARN_COMMA = YES;
				CLANG_WARN_CONSTANT_CONVERSION = YES;
				CLANG_WARN_DEPRECATED_OBJC_IMPLEMENTATIONS = YES;
				CLANG_WARN_DIRECT_OBJC_ISA_USAGE = YES_ERROR;
				CLANG_WARN_DOCUMENTATION_COMMENTS = YES;
				CLANG_WARN_EMPTY_BODY = YES;
				CLANG_WARN_ENUM_CONVERSION = YES;
				CLANG_WARN_INFINITE_RECURSION = YES;
				CLANG_WARN_INT_CONVERSION = YES;
				CLANG_WARN_NON_LITERAL_NULL_CONVERSION = YES;
				CLANG_WARN_OBJC_IMPLICIT_RETAIN_SELF = YES;
				CLANG_WARN_OBJC_LITERAL_CONVERSION = YES;
				CLANG_WARN_OBJC_ROOT_CLASS = YES_ERROR;
				CLANG_WARN_RANGE_LOOP_ANALYSIS = YES;
				CLANG_WARN_STRICT_PROTOTYPES = YES;
				CLANG_WARN_SUSPICIOUS_MOVE = YES;
				CLANG_WARN_UNGUARDED_AVAILABILITY = YES_AGGRESSIVE;
				CLANG_WARN_UNREACHABLE_CODE = YES;
				CLANG_WARN__DUPLICATE_METHOD_MATCH = YES;
				CODE_SIGN_IDENTITY = "iPhone Developer";
				COPY_PHASE_STRIP = NO;
				DEBUG_INFORMATION_FORMAT = dwarf;
				ENABLE_STRICT_OBJC_MSGSEND = YES;
				ENABLE_TESTABILITY = YES;
				GCC_C_LANGUAGE_STANDARD = gnu11;
				GCC_DYNAMIC_NO_PIC = NO;
				GCC_NO_COMMON_BLOCKS = YES;
				GCC_OPTIMIZATION_LEVEL = 0;
				GCC_PREPROCESSOR_DEFINITIONS = (
					"DEBUG=1",
					"$(inherited)",
				);
				GCC_TREAT_WARNINGS_AS_ERRORS = YES;
				GCC_WARN_64_TO_32_BIT_CONVERSION = YES;
				GCC_WARN_ABOUT_RETURN_TYPE = YES_ERROR;
				GCC_WARN_PEDANTIC = YES;
				GCC_WARN_UNDECLARED_SELECTOR = YES;
				GCC_WARN_UNINITIALIZED_AUTOS = YES_AGGRESSIVE;
				GCC_WARN_UNUSED_FUNCTION = YES;
				GCC_WARN_UNUSED_VARIABLE = YES;
				IPHONEOS_DEPLOYMENT_TARGET = 12.2;
				MTL_ENABLE_DEBUG_INFO = INCLUDE_SOURCE;
				MTL_FAST_MATH = YES;
				ONLY_ACTIVE_ARCH = YES;
				SDKROOT = iphoneos;
			};
			name = Debug;
		};
		B063EDAA227095D3004D57B7 /* Release */ = {
			isa = XCBuildConfiguration;
			buildSettings = {
				ALWAYS_SEARCH_USER_PATHS = NO;
				CLANG_ANALYZER_NONNULL = YES;
				CLANG_ANALYZER_NUMBER_OBJECT_CONVERSION = YES_AGGRESSIVE;
				CLANG_CXX_LANGUAGE_STANDARD = "gnu++14";
				CLANG_CXX_LIBRARY = "libc++";
				CLANG_ENABLE_MODULES = YES;
				CLANG_ENABLE_OBJC_ARC = YES;
				CLANG_ENABLE_OBJC_WEAK = YES;
				CLANG_WARN_BLOCK_CAPTURE_AUTORELEASING = YES;
				CLANG_WARN_BOOL_CONVERSION = YES;
				CLANG_WARN_COMMA = YES;
				CLANG_WARN_CONSTANT_CONVERSION = YES;
				CLANG_WARN_DEPRECATED_OBJC_IMPLEMENTATIONS = YES;
				CLANG_WARN_DIRECT_OBJC_ISA_USAGE = YES_ERROR;
				CLANG_WARN_DOCUMENTATION_COMMENTS = YES;
				CLANG_WARN_EMPTY_BODY = YES;
				CLANG_WARN_ENUM_CONVERSION = YES;
				CLANG_WARN_INFINITE_RECURSION = YES;
				CLANG_WARN_INT_CONVERSION = YES;
				CLANG_WARN_NON_LITERAL_NULL_CONVERSION = YES;
				CLANG_WARN_OBJC_IMPLICIT_RETAIN_SELF = YES;
				CLANG_WARN_OBJC_LITERAL_CONVERSION = YES;
				CLANG_WARN_OBJC_ROOT_CLASS = YES_ERROR;
				CLANG_WARN_RANGE_LOOP_ANALYSIS = YES;
				CLANG_WARN_STRICT_PROTOTYPES = YES;
				CLANG_WARN_SUSPICIOUS_MOVE = YES;
				CLANG_WARN_UNGUARDED_AVAILABILITY = YES_AGGRESSIVE;
				CLANG_WARN_UNREACHABLE_CODE = YES;
				CLANG_WARN__DUPLICATE_METHOD_MATCH = YES;
				CODE_SIGN_IDENTITY = "iPhone Developer";
				COPY_PHASE_STRIP = NO;
				DEBUG_INFORMATION_FORMAT = "dwarf-with-dsym";
				ENABLE_NS_ASSERTIONS = NO;
				ENABLE_STRICT_OBJC_MSGSEND = YES;
				GCC_C_LANGUAGE_STANDARD = gnu11;
				GCC_NO_COMMON_BLOCKS = YES;
				GCC_TREAT_WARNINGS_AS_ERRORS = YES;
				GCC_WARN_64_TO_32_BIT_CONVERSION = YES;
				GCC_WARN_ABOUT_RETURN_TYPE = YES_ERROR;
				GCC_WARN_PEDANTIC = YES;
				GCC_WARN_UNDECLARED_SELECTOR = YES;
				GCC_WARN_UNINITIALIZED_AUTOS = YES_AGGRESSIVE;
				GCC_WARN_UNUSED_FUNCTION = YES;
				GCC_WARN_UNUSED_VARIABLE = YES;
				IPHONEOS_DEPLOYMENT_TARGET = 12.2;
				MTL_ENABLE_DEBUG_INFO = NO;
				MTL_FAST_MATH = YES;
				SDKROOT = iphoneos;
				VALIDATE_PRODUCT = YES;
			};
			name = Release;
		};
		B063EDAC227095D3004D57B7 /* Debug */ = {
			isa = XCBuildConfiguration;
			buildSettings = {
				ASSETCATALOG_COMPILER_APPICON_NAME = AppIcon;
				CODE_SIGN_STYLE = Automatic;
				DEVELOPMENT_TEAM = 2ZDN69KUUV;
				INFOPLIST_FILE = UITrackpadControl/Info.plist;
				LD_RUNPATH_SEARCH_PATHS = (
					"$(inherited)",
					"@executable_path/Frameworks",
				);
				PRODUCT_BUNDLE_IDENTIFIER = com.highcaffeinecontent.UITrackpadControl;
				PRODUCT_NAME = "$(TARGET_NAME)";
				TARGETED_DEVICE_FAMILY = "1,2";
			};
			name = Debug;
		};
		B063EDAD227095D3004D57B7 /* Release */ = {
			isa = XCBuildConfiguration;
			buildSettings = {
				ASSETCATALOG_COMPILER_APPICON_NAME = AppIcon;
				CODE_SIGN_STYLE = Automatic;
				DEVELOPMENT_TEAM = 2ZDN69KUUV;
				INFOPLIST_FILE = UITrackpadControl/Info.plist;
				LD_RUNPATH_SEARCH_PATHS = (
					"$(inherited)",
					"@executable_path/Frameworks",
				);
				PRODUCT_BUNDLE_IDENTIFIER = com.highcaffeinecontent.UITrackpadControl;
				PRODUCT_NAME = "$(TARGET_NAME)";
				TARGETED_DEVICE_FAMILY = "1,2";
			};
			name = Release;
		};
/* End XCBuildConfiguration section */

/* Begin XCConfigurationList section */
		B063ED90227095D2004D57B7 /* Build configuration list for PBXProject "UITrackpadControl" */ = {
			isa = XCConfigurationList;
			buildConfigurations = (
				B063EDA9227095D3004D57B7 /* Debug */,
				B063EDAA227095D3004D57B7 /* Release */,
			);
			defaultConfigurationIsVisible = 0;
			defaultConfigurationName = Release;
		};
		B063EDAB227095D3004D57B7 /* Build configuration list for PBXNativeTarget "UITrackpadControl" */ = {
			isa = XCConfigurationList;
			buildConfigurations = (
				B063EDAC227095D3004D57B7 /* Debug */,
				B063EDAD227095D3004D57B7 /* Release */,
			);
			defaultConfigurationIsVisible = 0;
			defaultConfigurationName = Release;
		};
/* End XCConfigurationList section */
	};
	rootObject = B063ED8D227095D2004D57B7 /* Project object */;
}
